// !$*UTF8*$!
{
	archiveVersion = 1;
	classes = {
	};
	objectVersion = 46;
	objects = {

/* Begin PBXBuildFile section */
		4DF696CC1D05548300D9E2E0 /* Teapot.cpp in Sources */ = {isa = PBXBuildFile; fileRef = 4DF696CB1D05548300D9E2E0 /* Teapot.cpp */; };
		4DF696CF1D05548C00D9E2E0 /* GLUT.framework in Frameworks */ = {isa = PBXBuildFile; fileRef = 4DF696CD1D05548C00D9E2E0 /* GLUT.framework */; };
		4DF696D01D05548C00D9E2E0 /* OpenGL.framework in Frameworks */ = {isa = PBXBuildFile; fileRef = 4DF696CE1D05548C00D9E2E0 /* OpenGL.framework */; };
/* End PBXBuildFile section */

/* Begin PBXCopyFilesBuildPhase section */
		4DF696BF1D05546900D9E2E0 /* CopyFiles */ = {
			isa = PBXCopyFilesBuildPhase;
			buildActionMask = 2147483647;
			dstPath = /usr/share/man/man1/;
			dstSubfolderSpec = 0;
			files = (
			);
			runOnlyForDeploymentPostprocessing = 1;
		};
/* End PBXCopyFilesBuildPhase section */

/* Begin PBXFileReference section */
		4DF696C11D05546900D9E2E0 /* Teapot */ = {isa = PBXFileReference; explicitFileType = "compiled.mach-o.executable"; includeInIndex = 0; path = Teapot; sourceTree = BUILT_PRODUCTS_DIR; };
		4DF696CB1D05548300D9E2E0 /* Teapot.cpp */ = {isa = PBXFileReference; fileEncoding = 4; lastKnownFileType = sourcecode.cpp.cpp; name = Teapot.cpp; path = ../../../Source/Teapot/Teapot.cpp; sourceTree = "<group>"; };
		4DF696CD1D05548C00D9E2E0 /* GLUT.framework */ = {isa = PBXFileReference; lastKnownFileType = wrapper.framework; name = GLUT.framework; path = System/Library/Frameworks/GLUT.framework; sourceTree = SDKROOT; };
		4DF696CE1D05548C00D9E2E0 /* OpenGL.framework */ = {isa = PBXFileReference; lastKnownFileType = wrapper.framework; name = OpenGL.framework; path = System/Library/Frameworks/OpenGL.framework; sourceTree = SDKROOT; };
/* End PBXFileReference section */

/* Begin PBXFrameworksBuildPhase section */
		4DF696BE1D05546900D9E2E0 /* Frameworks */ = {
			isa = PBXFrameworksBuildPhase;
			buildActionMask = 2147483647;
			files = (
				4DF696CF1D05548C00D9E2E0 /* GLUT.framework in Frameworks */,
				4DF696D01D05548C00D9E2E0 /* OpenGL.framework in Frameworks */,
			);
			runOnlyForDeploymentPostprocessing = 0;
		};
/* End PBXFrameworksBuildPhase section */

/* Begin PBXGroup section */
		4DF696B81D05546900D9E2E0 = {
			isa = PBXGroup;
			children = (
				4DF696CD1D05548C00D9E2E0 /* GLUT.framework */,
				4DF696CE1D05548C00D9E2E0 /* OpenGL.framework */,
				4DF696CB1D05548300D9E2E0 /* Teapot.cpp */,
				4DF696C31D05546900D9E2E0 /* Teapot */,
				4DF696C21D05546900D9E2E0 /* Products */,
			);
			sourceTree = "<group>";
		};
		4DF696C21D05546900D9E2E0 /* Products */ = {
			isa = PBXGroup;
			children = (
				4DF696C11D05546900D9E2E0 /* Teapot */,
			);
			name = Products;
			sourceTree = "<group>";
		};
		4DF696C31D05546900D9E2E0 /* Teapot */ = {
			isa = PBXGroup;
			children = (
			);
			path = Teapot;
			sourceTree = "<group>";
		};
/* End PBXGroup section */

/* Begin PBXNativeTarget section */
		4DF696C01D05546900D9E2E0 /* Teapot */ = {
			isa = PBXNativeTarget;
			buildConfigurationList = 4DF696C81D05546900D9E2E0 /* Build configuration list for PBXNativeTarget "Teapot" */;
			buildPhases = (
				4DF696BD1D05546900D9E2E0 /* Sources */,
				4DF696BE1D05546900D9E2E0 /* Frameworks */,
				4DF696BF1D05546900D9E2E0 /* CopyFiles */,
			);
			buildRules = (
			);
			dependencies = (
			);
			name = Teapot;
			productName = Teapot;
			productReference = 4DF696C11D05546900D9E2E0 /* Teapot */;
			productType = "com.apple.product-type.tool";
		};
/* End PBXNativeTarget section */

/* Begin PBXProject section */
		4DF696B91D05546900D9E2E0 /* Project object */ = {
			isa = PBXProject;
			attributes = {
				LastUpgradeCheck = 0730;
				ORGANIZATIONNAME = NTHU;
				TargetAttributes = {
					4DF696C01D05546900D9E2E0 = {
						CreatedOnToolsVersion = 7.3.1;
					};
				};
			};
			buildConfigurationList = 4DF696BC1D05546900D9E2E0 /* Build configuration list for PBXProject "Teapot" */;
			compatibilityVersion = "Xcode 3.2";
			developmentRegion = English;
			hasScannedForEncodings = 0;
			knownRegions = (
				en,
			);
			mainGroup = 4DF696B81D05546900D9E2E0;
			productRefGroup = 4DF696C21D05546900D9E2E0 /* Products */;
			projectDirPath = "";
			projectRoot = "";
			targets = (
				4DF696C01D05546900D9E2E0 /* Teapot */,
			);
		};
/* End PBXProject section */

/* Begin PBXSourcesBuildPhase section */
		4DF696BD1D05546900D9E2E0 /* Sources */ = {
			isa = PBXSourcesBuildPhase;
			buildActionMask = 2147483647;
			files = (
				4DF696CC1D05548300D9E2E0 /* Teapot.cpp in Sources */,
			);
			runOnlyForDeploymentPostprocessing = 0;
		};
/* End PBXSourcesBuildPhase section */

/* Begin XCBuildConfiguration section */
		4DF696C61D05546900D9E2E0 /* Debug */ = {
			isa = XCBuildConfiguration;
			buildSettings = {
				ALWAYS_SEARCH_USER_PATHS = NO;
				CLANG_ANALYZER_NONNULL = YES;
				CLANG_CXX_LANGUAGE_STANDARD = "gnu++0x";
				CLANG_CXX_LIBRARY = "libc++";
				CLANG_ENABLE_MODULES = YES;
				CLANG_ENABLE_OBJC_ARC = YES;
				CLANG_WARN_BOOL_CONVERSION = YES;
				CLANG_WARN_CONSTANT_CONVERSION = YES;
				CLANG_WARN_DIRECT_OBJC_ISA_USAGE = YES_ERROR;
				CLANG_WARN_EMPTY_BODY = YES;
				CLANG_WARN_ENUM_CONVERSION = YES;
				CLANG_WARN_INT_CONVERSION = YES;
				CLANG_WARN_OBJC_ROOT_CLASS = YES_ERROR;
				CLANG_WARN_UNREACHABLE_CODE = YES;
				CLANG_WARN__DUPLICATE_METHOD_MATCH = YES;
				CODE_SIGN_IDENTITY = "-";
				COPY_PHASE_STRIP = NO;
				DEBUG_INFORMATION_FORMAT = dwarf;
				ENABLE_STRICT_OBJC_MSGSEND = YES;
				ENABLE_TESTABILITY = YES;
				GCC_C_LANGUAGE_STANDARD = gnu99;
				GCC_DYNAMIC_NO_PIC = NO;
				GCC_NO_COMMON_BLOCKS = YES;
				GCC_OPTIMIZATION_LEVEL = 0;
				GCC_PREPROCESSOR_DEFINITIONS = (
					"DEBUG=1",
					"$(inherited)",
				);
				GCC_WARN_64_TO_32_BIT_CONVERSION = YES;
				GCC_WARN_ABOUT_RETURN_TYPE = YES_ERROR;
				GCC_WARN_UNDECLARED_SELECTOR = YES;
				GCC_WARN_UNINITIALIZED_AUTOS = YES_AGGRESSIVE;
				GCC_WARN_UNUSED_FUNCTION = YES;
				GCC_WARN_UNUSED_VARIABLE = YES;
				MACOSX_DEPLOYMENT_TARGET = 10.11;
				MTL_ENABLE_DEBUG_INFO = YES;
				ONLY_ACTIVE_ARCH = YES;
				SDKROOT = macosx;
			};
			name = Debug;
		};
		4DF696C71D05546900D9E2E0 /* Release */ = {
			isa = XCBuildConfiguration;
			buildSettings = {
				ALWAYS_SEARCH_USER_PATHS = NO;
				CLANG_ANALYZER_NONNULL = YES;
				CLANG_CXX_LANGUAGE_STANDARD = "gnu++0x";
				CLANG_CXX_LIBRARY = "libc++";
				CLANG_ENABLE_MODULES = YES;
				CLANG_ENABLE_OBJC_ARC = YES;
				CLANG_WARN_BOOL_CONVERSION = YES;
				CLANG_WARN_CONSTANT_CONVERSION = YES;
				CLANG_WARN_DIRECT_OBJC_ISA_USAGE = YES_ERROR;
				CLANG_WARN_EMPTY_BODY = YES;
				CLANG_WARN_ENUM_CONVERSION = YES;
				CLANG_WARN_INT_CONVERSION = YES;
				CLANG_WARN_OBJC_ROOT_CLASS = YES_ERROR;
				CLANG_WARN_UNREACHABLE_CODE = YES;
				CLANG_WARN__DUPLICATE_METHOD_MATCH = YES;
				CODE_SIGN_IDENTITY = "-";
				COPY_PHASE_STRIP = NO;
				DEBUG_INFORMATION_FORMAT = "dwarf-with-dsym";
				ENABLE_NS_ASSERTIONS = NO;
				ENABLE_STRICT_OBJC_MSGSEND = YES;
				GCC_C_LANGUAGE_STANDARD = gnu99;
				GCC_NO_COMMON_BLOCKS = YES;
				GCC_WARN_64_TO_32_BIT_CONVERSION = YES;
				GCC_WARN_ABOUT_RETURN_TYPE = YES_ERROR;
				GCC_WARN_UNDECLARED_SELECTOR = YES;
				GCC_WARN_UNINITIALIZED_AUTOS = YES_AGGRESSIVE;
				GCC_WARN_UNUSED_FUNCTION = YES;
				GCC_WARN_UNUSED_VARIABLE = YES;
				MACOSX_DEPLOYMENT_TARGET = 10.11;
				MTL_ENABLE_DEBUG_INFO = NO;
				SDKROOT = macosx;
			};
			name = Release;
		};
		4DF696C91D05546900D9E2E0 /* Debug */ = {
			isa = XCBuildConfiguration;
			buildSettings = {
				PRODUCT_NAME = "$(TARGET_NAME)";
			};
			name = Debug;
		};
		4DF696CA1D05546900D9E2E0 /* Release */ = {
			isa = XCBuildConfiguration;
			buildSettings = {
				PRODUCT_NAME = "$(TARGET_NAME)";
			};
			name = Release;
		};
/* End XCBuildConfiguration section */

/* Begin XCConfigurationList section */
		4DF696BC1D05546900D9E2E0 /* Build configuration list for PBXProject "Teapot" */ = {
			isa = XCConfigurationList;
			buildConfigurations = (
				4DF696C61D05546900D9E2E0 /* Debug */,
				4DF696C71D05546900D9E2E0 /* Release */,
			);
			defaultConfigurationIsVisible = 0;
			defaultConfigurationName = Release;
		};
		4DF696C81D05546900D9E2E0 /* Build configuration list for PBXNativeTarget "Teapot" */ = {
			isa = XCConfigurationList;
			buildConfigurations = (
				4DF696C91D05546900D9E2E0 /* Debug */,
				4DF696CA1D05546900D9E2E0 /* Release */,
			);
			defaultConfigurationIsVisible = 0;
		};
/* End XCConfigurationList section */
	};
	rootObject = 4DF696B91D05546900D9E2E0 /* Project object */;
}
