// !$*UTF8*$!
{
	archiveVersion = 1;
	classes = {
	};
	objectVersion = 46;
	objects = {

/* Begin PBXBuildFile section */
		4D3AB4311CE89DF100A3518F /* Grass.cpp in Sources */ = {isa = PBXBuildFile; fileRef = 4D3AB4301CE89DF100A3518F /* Grass.cpp */; };
		4D3AB4441CE89E3500A3518F /* GLUT.framework in Frameworks */ = {isa = PBXBuildFile; fileRef = 4D3AB4421CE89E3500A3518F /* GLUT.framework */; };
		4D3AB4451CE89E3500A3518F /* OpenGL.framework in Frameworks */ = {isa = PBXBuildFile; fileRef = 4D3AB4431CE89E3500A3518F /* OpenGL.framework */; };
/* End PBXBuildFile section */

/* Begin PBXCopyFilesBuildPhase section */
		4D3AB3FA1CE89D9C00A3518F /* CopyFiles */ = {
			isa = PBXCopyFilesBuildPhase;
			buildActionMask = 2147483647;
			dstPath = /usr/share/man/man1/;
			dstSubfolderSpec = 0;
			files = (
			);
			runOnlyForDeploymentPostprocessing = 1;
		};
/* End PBXCopyFilesBuildPhase section */

/* Begin PBXFileReference section */
		4D3AB3FC1CE89D9C00A3518F /* Grass */ = {isa = PBXFileReference; explicitFileType = "compiled.mach-o.executable"; includeInIndex = 0; path = Grass; sourceTree = BUILT_PRODUCTS_DIR; };
		4D3AB4301CE89DF100A3518F /* Grass.cpp */ = {isa = PBXFileReference; fileEncoding = 4; lastKnownFileType = sourcecode.cpp.cpp; name = Grass.cpp; path = ../../../Source/Grass/Grass.cpp; sourceTree = "<group>"; };
		4D3AB4421CE89E3500A3518F /* GLUT.framework */ = {isa = PBXFileReference; lastKnownFileType = wrapper.framework; name = GLUT.framework; path = System/Library/Frameworks/GLUT.framework; sourceTree = SDKROOT; };
		4D3AB4431CE89E3500A3518F /* OpenGL.framework */ = {isa = PBXFileReference; lastKnownFileType = wrapper.framework; name = OpenGL.framework; path = System/Library/Frameworks/OpenGL.framework; sourceTree = SDKROOT; };
/* End PBXFileReference section */

/* Begin PBXFrameworksBuildPhase section */
		4D3AB3F91CE89D9C00A3518F /* Frameworks */ = {
			isa = PBXFrameworksBuildPhase;
			buildActionMask = 2147483647;
			files = (
				4D3AB4441CE89E3500A3518F /* GLUT.framework in Frameworks */,
				4D3AB4451CE89E3500A3518F /* OpenGL.framework in Frameworks */,
			);
			runOnlyForDeploymentPostprocessing = 0;
		};
/* End PBXFrameworksBuildPhase section */

/* Begin PBXGroup section */
		4D3AB3F31CE89D9C00A3518F = {
			isa = PBXGroup;
			children = (
				4D3AB4421CE89E3500A3518F /* GLUT.framework */,
				4D3AB4431CE89E3500A3518F /* OpenGL.framework */,
				4D3AB4301CE89DF100A3518F /* Grass.cpp */,
				4D3AB3FD1CE89D9C00A3518F /* Products */,
			);
			sourceTree = "<group>";
		};
		4D3AB3FD1CE89D9C00A3518F /* Products */ = {
			isa = PBXGroup;
			children = (
				4D3AB3FC1CE89D9C00A3518F /* Grass */,
			);
			name = Products;
			sourceTree = "<group>";
		};
/* End PBXGroup section */

/* Begin PBXNativeTarget section */
		4D3AB3FB1CE89D9C00A3518F /* Grass */ = {
			isa = PBXNativeTarget;
			buildConfigurationList = 4D3AB4031CE89D9C00A3518F /* Build configuration list for PBXNativeTarget "Grass" */;
			buildPhases = (
				4D3AB3F81CE89D9C00A3518F /* Sources */,
				4D3AB3F91CE89D9C00A3518F /* Frameworks */,
				4D3AB3FA1CE89D9C00A3518F /* CopyFiles */,
			);
			buildRules = (
			);
			dependencies = (
			);
			name = Grass;
			productName = Grass;
			productReference = 4D3AB3FC1CE89D9C00A3518F /* Grass */;
			productType = "com.apple.product-type.tool";
		};
/* End PBXNativeTarget section */

/* Begin PBXProject section */
		4D3AB3F41CE89D9C00A3518F /* Project object */ = {
			isa = PBXProject;
			attributes = {
				LastUpgradeCheck = 0730;
				ORGANIZATIONNAME = NTHU;
				TargetAttributes = {
					4D3AB3FB1CE89D9C00A3518F = {
						CreatedOnToolsVersion = 7.3;
					};
				};
			};
			buildConfigurationList = 4D3AB3F71CE89D9C00A3518F /* Build configuration list for PBXProject "Grass" */;
			compatibilityVersion = "Xcode 3.2";
			developmentRegion = English;
			hasScannedForEncodings = 0;
			knownRegions = (
				en,
			);
			mainGroup = 4D3AB3F31CE89D9C00A3518F;
			productRefGroup = 4D3AB3FD1CE89D9C00A3518F /* Products */;
			projectDirPath = "";
			projectRoot = "";
			targets = (
				4D3AB3FB1CE89D9C00A3518F /* Grass */,
			);
		};
/* End PBXProject section */

/* Begin PBXSourcesBuildPhase section */
		4D3AB3F81CE89D9C00A3518F /* Sources */ = {
			isa = PBXSourcesBuildPhase;
			buildActionMask = 2147483647;
			files = (
				4D3AB4311CE89DF100A3518F /* Grass.cpp in Sources */,
			);
			runOnlyForDeploymentPostprocessing = 0;
		};
/* End PBXSourcesBuildPhase section */

/* Begin XCBuildConfiguration section */
		4D3AB4011CE89D9C00A3518F /* Debug */ = {
			isa = XCBuildConfiguration;
			buildSettings = {
				ALWAYS_SEARCH_USER_PATHS = NO;
				CLANG_ANALYZER_NONNULL = YES;
				CLANG_CXX_LANGUAGE_STANDARD = "gnu++0x";
				CLANG_CXX_LIBRARY = "libc++";
				CLANG_ENABLE_MODULES = YES;
				CLANG_ENABLE_OBJC_ARC = YES;
				CLANG_WARN_BOOL_CONVERSION = YES;
				CLANG_WARN_CONSTANT_CONVERSION = YES;
				CLANG_WARN_DIRECT_OBJC_ISA_USAGE = YES_ERROR;
				CLANG_WARN_EMPTY_BODY = YES;
				CLANG_WARN_ENUM_CONVERSION = YES;
				CLANG_WARN_INT_CONVERSION = YES;
				CLANG_WARN_OBJC_ROOT_CLASS = YES_ERROR;
				CLANG_WARN_UNREACHABLE_CODE = YES;
				CLANG_WARN__DUPLICATE_METHOD_MATCH = YES;
				CODE_SIGN_IDENTITY = "-";
				COPY_PHASE_STRIP = NO;
				DEBUG_INFORMATION_FORMAT = dwarf;
				ENABLE_STRICT_OBJC_MSGSEND = YES;
				ENABLE_TESTABILITY = YES;
				GCC_C_LANGUAGE_STANDARD = gnu99;
				GCC_DYNAMIC_NO_PIC = NO;
				GCC_NO_COMMON_BLOCKS = YES;
				GCC_OPTIMIZATION_LEVEL = 0;
				GCC_PREPROCESSOR_DEFINITIONS = (
					"DEBUG=1",
					"$(inherited)",
				);
				GCC_WARN_64_TO_32_BIT_CONVERSION = YES;
				GCC_WARN_ABOUT_RETURN_TYPE = YES_ERROR;
				GCC_WARN_UNDECLARED_SELECTOR = YES;
				GCC_WARN_UNINITIALIZED_AUTOS = YES_AGGRESSIVE;
				GCC_WARN_UNUSED_FUNCTION = YES;
				GCC_WARN_UNUSED_VARIABLE = YES;
				MACOSX_DEPLOYMENT_TARGET = 10.11;
				MTL_ENABLE_DEBUG_INFO = YES;
				ONLY_ACTIVE_ARCH = YES;
				SDKROOT = macosx;
			};
			name = Debug;
		};
		4D3AB4021CE89D9C00A3518F /* Release */ = {
			isa = XCBuildConfiguration;
			buildSettings = {
				ALWAYS_SEARCH_USER_PATHS = NO;
				CLANG_ANALYZER_NONNULL = YES;
				CLANG_CXX_LANGUAGE_STANDARD = "gnu++0x";
				CLANG_CXX_LIBRARY = "libc++";
				CLANG_ENABLE_MODULES = YES;
				CLANG_ENABLE_OBJC_ARC = YES;
				CLANG_WARN_BOOL_CONVERSION = YES;
				CLANG_WARN_CONSTANT_CONVERSION = YES;
				CLANG_WARN_DIRECT_OBJC_ISA_USAGE = YES_ERROR;
				CLANG_WARN_EMPTY_BODY = YES;
				CLANG_WARN_ENUM_CONVERSION = YES;
				CLANG_WARN_INT_CONVERSION = YES;
				CLANG_WARN_OBJC_ROOT_CLASS = YES_ERROR;
				CLANG_WARN_UNREACHABLE_CODE = YES;
				CLANG_WARN__DUPLICATE_METHOD_MATCH = YES;
				CODE_SIGN_IDENTITY = "-";
				COPY_PHASE_STRIP = NO;
				DEBUG_INFORMATION_FORMAT = "dwarf-with-dsym";
				ENABLE_NS_ASSERTIONS = NO;
				ENABLE_STRICT_OBJC_MSGSEND = YES;
				GCC_C_LANGUAGE_STANDARD = gnu99;
				GCC_NO_COMMON_BLOCKS = YES;
				GCC_WARN_64_TO_32_BIT_CONVERSION = YES;
				GCC_WARN_ABOUT_RETURN_TYPE = YES_ERROR;
				GCC_WARN_UNDECLARED_SELECTOR = YES;
				GCC_WARN_UNINITIALIZED_AUTOS = YES_AGGRESSIVE;
				GCC_WARN_UNUSED_FUNCTION = YES;
				GCC_WARN_UNUSED_VARIABLE = YES;
				MACOSX_DEPLOYMENT_TARGET = 10.11;
				MTL_ENABLE_DEBUG_INFO = NO;
				SDKROOT = macosx;
			};
			name = Release;
		};
		4D3AB4041CE89D9C00A3518F /* Debug */ = {
			isa = XCBuildConfiguration;
			buildSettings = {
				PRODUCT_NAME = "$(TARGET_NAME)";
			};
			name = Debug;
		};
		4D3AB4051CE89D9C00A3518F /* Release */ = {
			isa = XCBuildConfiguration;
			buildSettings = {
				PRODUCT_NAME = "$(TARGET_NAME)";
			};
			name = Release;
		};
/* End XCBuildConfiguration section */

/* Begin XCConfigurationList section */
		4D3AB3F71CE89D9C00A3518F /* Build configuration list for PBXProject "Grass" */ = {
			isa = XCConfigurationList;
			buildConfigurations = (
				4D3AB4011CE89D9C00A3518F /* Debug */,
				4D3AB4021CE89D9C00A3518F /* Release */,
			);
			defaultConfigurationIsVisible = 0;
			defaultConfigurationName = Release;
		};
		4D3AB4031CE89D9C00A3518F /* Build configuration list for PBXNativeTarget "Grass" */ = {
			isa = XCConfigurationList;
			buildConfigurations = (
				4D3AB4041CE89D9C00A3518F /* Debug */,
				4D3AB4051CE89D9C00A3518F /* Release */,
			);
			defaultConfigurationIsVisible = 0;
			defaultConfigurationName = Release;
		};
/* End XCConfigurationList section */
	};
	rootObject = 4D3AB3F41CE89D9C00A3518F /* Project object */;
}
